
Microsoft Visual Studio Solution File, Format Version 11.00
# Visual Studio 2010
Project("{FAE04EC0-301F-11D3-BF4B-00C04F79EFBC}") = "BinarySerialization", "BinarySerialization\BinarySerialization.csproj", "{A8AA04F4-6340-44AF-A801-52249078C194}"
EndProject
Project("{FAE04EC0-301F-11D3-BF4B-00C04F79EFBC}") = "Boxing", "Boxing\Boxing.csproj", "{27FC6621-C911-4694-BF23-38D68C56E612}"
EndProject
Project("{FAE04EC0-301F-11D3-BF4B-00C04F79EFBC}") = "ValueTypes", "ValueTypes\ValueTypes.csproj", "{46E642E8-825E-4DAC-A5A7-85810521E65F}"
EndProject
Project("{FAE04EC0-301F-11D3-BF4B-00C04F79EFBC}") = "Dependency", "Dependency\Dependency.csproj", "{93FDF5A7-CAA8-4077-BD01-28E2A887098D}"
EndProject
Project("{FAE04EC0-301F-11D3-BF4B-00C04F79EFBC}") = "BinaryAffinity", "BinaryAffinity\BinaryAffinity.csproj", "{78A7F081-31F2-4EB8-A7AA-2B8B40EE8201}"
EndProject
Project("{FAE04EC0-301F-11D3-BF4B-00C04F79EFBC}") = "IPCLogger", "IPCLogger\IPCLogger.csproj", "{0FBA0848-9AE4-4F36-95A9-D25BE3D95B9F}"
EndProject
Project("{FAE04EC0-301F-11D3-BF4B-00C04F79EFBC}") = "IPCClient", "IPCClient\IPCClient.csproj", "{31B576D5-1A43-47AA-82FC-F68B610D0EDF}"
EndProject
Project("{8BC9CEB8-8B4A-11D0-8D11-00A0C91BC942}") = "NativeLibrary", "NativeLibrary\NativeLibrary.vcxproj", "{3E187D4A-6450-4A09-A448-83775DD02202}"
EndProject
Project("{FAE04EC0-301F-11D3-BF4B-00C04F79EFBC}") = "PInvoke", "PInvoke\PInvoke.csproj", "{B2E595B0-DBA3-46C8-BD00-DBEF619604FE}"
EndProject
Project("{FAE04EC0-301F-11D3-BF4B-00C04F79EFBC}") = "StaticConstructor", "StaticConstructor\StaticConstructor.csproj", "{2D05C51C-0AFB-403C-A277-6D3D3F4F481E}"
EndProject
Project("{FAE04EC0-301F-11D3-BF4B-00C04F79EFBC}") = "Threading", "Threading\Threading.csproj", "{86F0B8FD-6AB6-4597-84A5-A07C593B7EF2}"
EndProject
Project("{FAE04EC0-301F-11D3-BF4B-00C04F79EFBC}") = "Deamon", "Deamon\Deamon.csproj", "{E8F2DFE8-013E-4A45-8B97-28AFA337F9FE}"
EndProject
Project("{FAE04EC0-301F-11D3-BF4B-00C04F79EFBC}") = "WebClient", "Networking\WebClient.csproj", "{2C080F92-3558-4043-8866-B7A80D91FF03}"
EndProject
Project("{FAE04EC0-301F-11D3-BF4B-00C04F79EFBC}") = "EventLogs", "EventLogs\EventLogs.csproj", "{3DEAF231-E69D-4958-99F5-0B6178BAC9D7}"
EndProject
Project("{FAE04EC0-301F-11D3-BF4B-00C04F79EFBC}") = "RegistryAPI", "Registry\RegistryAPI.csproj", "{6ADD9471-C85D-4447-8E81-94CA6699CC00}"
EndProject
Project("{FAE04EC0-301F-11D3-BF4B-00C04F79EFBC}") = "ChatUI", "Chat\ChatUI.csproj", "{BA39CE86-07BC-461A-BE99-E7EB9D578801}"
EndProject
Project("{FAE04EC0-301F-11D3-BF4B-00C04F79EFBC}") = "ChatServer", "ChatServer\ChatServer.csproj", "{A3A7998D-FC6E-4208-B314-B64F3AA75D54}"
EndProject
Project("{FAE04EC0-301F-11D3-BF4B-00C04F79EFBC}") = "ChatClient", "ChatClient\ChatClient.csproj", "{DEEC0B05-2650-408B-842D-E635C8BB8B61}"
EndProject
Project("{FAE04EC0-301F-11D3-BF4B-00C04F79EFBC}") = "ChatTests", "ChatTests\ChatTests.csproj", "{F555CB91-656D-4D49-A3B2-5C55C45FA05C}"
EndProject
Project("{FAE04EC0-301F-11D3-BF4B-00C04F79EFBC}") = "ChatAPI", "ChatAPI\ChatAPI.csproj", "{F91E8282-F348-4212-971D-46E163ACB2CF}"
EndProject
Project("{FAE04EC0-301F-11D3-BF4B-00C04F79EFBC}") = "StringBuilder", "StringBuilder\StringBuilder.csproj", "{B276E83B-5693-4107-A65D-8511E19C96C4}"
EndProject
Project("{FAE04EC0-301F-11D3-BF4B-00C04F79EFBC}") = "DecimalsVsDoubles", "DecimalsVsDoubles\DecimalsVsDoubles.csproj", "{337BC103-EF30-439A-805C-8058C3B2C86E}"
EndProject
Project("{FAE04EC0-301F-11D3-BF4B-00C04F79EFBC}") = "FTP", "FTP\FTP.csproj", "{04E94514-2E4B-4D1F-9965-24A37A411311}"
EndProject
Global
	GlobalSection(SolutionConfigurationPlatforms) = preSolution
		Debug|Any CPU = Debug|Any CPU
		Debug|Mixed Platforms = Debug|Mixed Platforms
		Debug|Win32 = Debug|Win32
		Debug|x86 = Debug|x86
		Release|Any CPU = Release|Any CPU
		Release|Mixed Platforms = Release|Mixed Platforms
		Release|Win32 = Release|Win32
		Release|x86 = Release|x86
	EndGlobalSection
	GlobalSection(ProjectConfigurationPlatforms) = postSolution
		{A8AA04F4-6340-44AF-A801-52249078C194}.Debug|Any CPU.ActiveCfg = Debug|x86
		{A8AA04F4-6340-44AF-A801-52249078C194}.Debug|Mixed Platforms.ActiveCfg = Debug|x86
		{A8AA04F4-6340-44AF-A801-52249078C194}.Debug|Mixed Platforms.Build.0 = Debug|x86
		{A8AA04F4-6340-44AF-A801-52249078C194}.Debug|Win32.ActiveCfg = Debug|x86
		{A8AA04F4-6340-44AF-A801-52249078C194}.Debug|x86.ActiveCfg = Debug|x86
		{A8AA04F4-6340-44AF-A801-52249078C194}.Debug|x86.Build.0 = Debug|x86
		{A8AA04F4-6340-44AF-A801-52249078C194}.Release|Any CPU.ActiveCfg = Release|x86
		{A8AA04F4-6340-44AF-A801-52249078C194}.Release|Mixed Platforms.ActiveCfg = Release|x86
		{A8AA04F4-6340-44AF-A801-52249078C194}.Release|Mixed Platforms.Build.0 = Release|x86
		{A8AA04F4-6340-44AF-A801-52249078C194}.Release|Win32.ActiveCfg = Release|x86
		{A8AA04F4-6340-44AF-A801-52249078C194}.Release|x86.ActiveCfg = Release|x86
		{A8AA04F4-6340-44AF-A801-52249078C194}.Release|x86.Build.0 = Release|x86
		{27FC6621-C911-4694-BF23-38D68C56E612}.Debug|Any CPU.ActiveCfg = Debug|x86
		{27FC6621-C911-4694-BF23-38D68C56E612}.Debug|Mixed Platforms.ActiveCfg = Debug|x86
		{27FC6621-C911-4694-BF23-38D68C56E612}.Debug|Mixed Platforms.Build.0 = Debug|x86
		{27FC6621-C911-4694-BF23-38D68C56E612}.Debug|Win32.ActiveCfg = Debug|x86
		{27FC6621-C911-4694-BF23-38D68C56E612}.Debug|x86.ActiveCfg = Debug|x86
		{27FC6621-C911-4694-BF23-38D68C56E612}.Debug|x86.Build.0 = Debug|x86
		{27FC6621-C911-4694-BF23-38D68C56E612}.Release|Any CPU.ActiveCfg = Release|x86
		{27FC6621-C911-4694-BF23-38D68C56E612}.Release|Mixed Platforms.ActiveCfg = Release|x86
		{27FC6621-C911-4694-BF23-38D68C56E612}.Release|Mixed Platforms.Build.0 = Release|x86
		{27FC6621-C911-4694-BF23-38D68C56E612}.Release|Win32.ActiveCfg = Release|x86
		{27FC6621-C911-4694-BF23-38D68C56E612}.Release|x86.ActiveCfg = Release|x86
		{27FC6621-C911-4694-BF23-38D68C56E612}.Release|x86.Build.0 = Release|x86
		{46E642E8-825E-4DAC-A5A7-85810521E65F}.Debug|Any CPU.ActiveCfg = Debug|x86
		{46E642E8-825E-4DAC-A5A7-85810521E65F}.Debug|Mixed Platforms.ActiveCfg = Debug|x86
		{46E642E8-825E-4DAC-A5A7-85810521E65F}.Debug|Mixed Platforms.Build.0 = Debug|x86
		{46E642E8-825E-4DAC-A5A7-85810521E65F}.Debug|Win32.ActiveCfg = Debug|x86
		{46E642E8-825E-4DAC-A5A7-85810521E65F}.Debug|x86.ActiveCfg = Debug|x86
		{46E642E8-825E-4DAC-A5A7-85810521E65F}.Debug|x86.Build.0 = Debug|x86
		{46E642E8-825E-4DAC-A5A7-85810521E65F}.Release|Any CPU.ActiveCfg = Release|x86
		{46E642E8-825E-4DAC-A5A7-85810521E65F}.Release|Mixed Platforms.ActiveCfg = Release|x86
		{46E642E8-825E-4DAC-A5A7-85810521E65F}.Release|Mixed Platforms.Build.0 = Release|x86
		{46E642E8-825E-4DAC-A5A7-85810521E65F}.Release|Win32.ActiveCfg = Release|x86
		{46E642E8-825E-4DAC-A5A7-85810521E65F}.Release|x86.ActiveCfg = Release|x86
		{46E642E8-825E-4DAC-A5A7-85810521E65F}.Release|x86.Build.0 = Release|x86
		{93FDF5A7-CAA8-4077-BD01-28E2A887098D}.Debug|Any CPU.ActiveCfg = Debug|Any CPU
		{93FDF5A7-CAA8-4077-BD01-28E2A887098D}.Debug|Any CPU.Build.0 = Debug|Any CPU
		{93FDF5A7-CAA8-4077-BD01-28E2A887098D}.Debug|Mixed Platforms.ActiveCfg = Debug|Any CPU
		{93FDF5A7-CAA8-4077-BD01-28E2A887098D}.Debug|Mixed Platforms.Build.0 = Debug|Any CPU
		{93FDF5A7-CAA8-4077-BD01-28E2A887098D}.Debug|Win32.ActiveCfg = Debug|x86
		{93FDF5A7-CAA8-4077-BD01-28E2A887098D}.Debug|x86.ActiveCfg = Debug|x86
		{93FDF5A7-CAA8-4077-BD01-28E2A887098D}.Debug|x86.Build.0 = Debug|x86
		{93FDF5A7-CAA8-4077-BD01-28E2A887098D}.Release|Any CPU.ActiveCfg = Release|Any CPU
		{93FDF5A7-CAA8-4077-BD01-28E2A887098D}.Release|Any CPU.Build.0 = Release|Any CPU
		{93FDF5A7-CAA8-4077-BD01-28E2A887098D}.Release|Mixed Platforms.ActiveCfg = Release|Any CPU
		{93FDF5A7-CAA8-4077-BD01-28E2A887098D}.Release|Mixed Platforms.Build.0 = Release|Any CPU
		{93FDF5A7-CAA8-4077-BD01-28E2A887098D}.Release|Win32.ActiveCfg = Release|x86
		{93FDF5A7-CAA8-4077-BD01-28E2A887098D}.Release|x86.ActiveCfg = Release|Any CPU
		{78A7F081-31F2-4EB8-A7AA-2B8B40EE8201}.Debug|Any CPU.ActiveCfg = Debug|x86
		{78A7F081-31F2-4EB8-A7AA-2B8B40EE8201}.Debug|Mixed Platforms.ActiveCfg = Debug|x86
		{78A7F081-31F2-4EB8-A7AA-2B8B40EE8201}.Debug|Mixed Platforms.Build.0 = Debug|x86
		{78A7F081-31F2-4EB8-A7AA-2B8B40EE8201}.Debug|Win32.ActiveCfg = Debug|x86
		{78A7F081-31F2-4EB8-A7AA-2B8B40EE8201}.Debug|x86.ActiveCfg = Debug|x86
		{78A7F081-31F2-4EB8-A7AA-2B8B40EE8201}.Debug|x86.Build.0 = Debug|x86
		{78A7F081-31F2-4EB8-A7AA-2B8B40EE8201}.Release|Any CPU.ActiveCfg = Release|x86
		{78A7F081-31F2-4EB8-A7AA-2B8B40EE8201}.Release|Mixed Platforms.ActiveCfg = Release|x86
		{78A7F081-31F2-4EB8-A7AA-2B8B40EE8201}.Release|Mixed Platforms.Build.0 = Release|x86
		{78A7F081-31F2-4EB8-A7AA-2B8B40EE8201}.Release|Win32.ActiveCfg = Release|x86
		{78A7F081-31F2-4EB8-A7AA-2B8B40EE8201}.Release|x86.ActiveCfg = Release|x86
		{78A7F081-31F2-4EB8-A7AA-2B8B40EE8201}.Release|x86.Build.0 = Release|x86
		{0FBA0848-9AE4-4F36-95A9-D25BE3D95B9F}.Debug|Any CPU.ActiveCfg = Debug|x86
		{0FBA0848-9AE4-4F36-95A9-D25BE3D95B9F}.Debug|Mixed Platforms.ActiveCfg = Debug|x86
		{0FBA0848-9AE4-4F36-95A9-D25BE3D95B9F}.Debug|Mixed Platforms.Build.0 = Debug|x86
		{0FBA0848-9AE4-4F36-95A9-D25BE3D95B9F}.Debug|Win32.ActiveCfg = Debug|x86
		{0FBA0848-9AE4-4F36-95A9-D25BE3D95B9F}.Debug|x86.ActiveCfg = Debug|x86
		{0FBA0848-9AE4-4F36-95A9-D25BE3D95B9F}.Debug|x86.Build.0 = Debug|x86
		{0FBA0848-9AE4-4F36-95A9-D25BE3D95B9F}.Release|Any CPU.ActiveCfg = Release|x86
		{0FBA0848-9AE4-4F36-95A9-D25BE3D95B9F}.Release|Mixed Platforms.ActiveCfg = Release|x86
		{0FBA0848-9AE4-4F36-95A9-D25BE3D95B9F}.Release|Mixed Platforms.Build.0 = Release|x86
		{0FBA0848-9AE4-4F36-95A9-D25BE3D95B9F}.Release|Win32.ActiveCfg = Release|x86
		{0FBA0848-9AE4-4F36-95A9-D25BE3D95B9F}.Release|x86.ActiveCfg = Release|x86
		{0FBA0848-9AE4-4F36-95A9-D25BE3D95B9F}.Release|x86.Build.0 = Release|x86
		{31B576D5-1A43-47AA-82FC-F68B610D0EDF}.Debug|Any CPU.ActiveCfg = Debug|x86
		{31B576D5-1A43-47AA-82FC-F68B610D0EDF}.Debug|Mixed Platforms.ActiveCfg = Debug|x86
		{31B576D5-1A43-47AA-82FC-F68B610D0EDF}.Debug|Mixed Platforms.Build.0 = Debug|x86
		{31B576D5-1A43-47AA-82FC-F68B610D0EDF}.Debug|Win32.ActiveCfg = Debug|x86
		{31B576D5-1A43-47AA-82FC-F68B610D0EDF}.Debug|x86.ActiveCfg = Debug|x86
		{31B576D5-1A43-47AA-82FC-F68B610D0EDF}.Debug|x86.Build.0 = Debug|x86
		{31B576D5-1A43-47AA-82FC-F68B610D0EDF}.Release|Any CPU.ActiveCfg = Release|x86
		{31B576D5-1A43-47AA-82FC-F68B610D0EDF}.Release|Mixed Platforms.ActiveCfg = Release|x86
		{31B576D5-1A43-47AA-82FC-F68B610D0EDF}.Release|Mixed Platforms.Build.0 = Release|x86
		{31B576D5-1A43-47AA-82FC-F68B610D0EDF}.Release|Win32.ActiveCfg = Release|x86
		{31B576D5-1A43-47AA-82FC-F68B610D0EDF}.Release|x86.ActiveCfg = Release|x86
		{31B576D5-1A43-47AA-82FC-F68B610D0EDF}.Release|x86.Build.0 = Release|x86
		{3E187D4A-6450-4A09-A448-83775DD02202}.Debug|Any CPU.ActiveCfg = Debug|Win32
		{3E187D4A-6450-4A09-A448-83775DD02202}.Debug|Mixed Platforms.ActiveCfg = Debug|Win32
		{3E187D4A-6450-4A09-A448-83775DD02202}.Debug|Mixed Platforms.Build.0 = Debug|Win32
		{3E187D4A-6450-4A09-A448-83775DD02202}.Debug|Win32.ActiveCfg = Debug|Win32
		{3E187D4A-6450-4A09-A448-83775DD02202}.Debug|Win32.Build.0 = Debug|Win32
		{3E187D4A-6450-4A09-A448-83775DD02202}.Debug|x86.ActiveCfg = Debug|Win32
		{3E187D4A-6450-4A09-A448-83775DD02202}.Debug|x86.Build.0 = Debug|Win32
		{3E187D4A-6450-4A09-A448-83775DD02202}.Release|Any CPU.ActiveCfg = Release|Win32
		{3E187D4A-6450-4A09-A448-83775DD02202}.Release|Mixed Platforms.ActiveCfg = Release|Win32
		{3E187D4A-6450-4A09-A448-83775DD02202}.Release|Mixed Platforms.Build.0 = Release|Win32
		{3E187D4A-6450-4A09-A448-83775DD02202}.Release|Win32.ActiveCfg = Release|Win32
		{3E187D4A-6450-4A09-A448-83775DD02202}.Release|Win32.Build.0 = Release|Win32
		{3E187D4A-6450-4A09-A448-83775DD02202}.Release|x86.ActiveCfg = Release|Win32
		{B2E595B0-DBA3-46C8-BD00-DBEF619604FE}.Debug|Any CPU.ActiveCfg = Debug|x86
		{B2E595B0-DBA3-46C8-BD00-DBEF619604FE}.Debug|Mixed Platforms.ActiveCfg = Debug|x86
		{B2E595B0-DBA3-46C8-BD00-DBEF619604FE}.Debug|Mixed Platforms.Build.0 = Debug|x86
		{B2E595B0-DBA3-46C8-BD00-DBEF619604FE}.Debug|Win32.ActiveCfg = Debug|x86
		{B2E595B0-DBA3-46C8-BD00-DBEF619604FE}.Debug|x86.ActiveCfg = Debug|x86
		{B2E595B0-DBA3-46C8-BD00-DBEF619604FE}.Debug|x86.Build.0 = Debug|x86
		{B2E595B0-DBA3-46C8-BD00-DBEF619604FE}.Release|Any CPU.ActiveCfg = Release|x86
		{B2E595B0-DBA3-46C8-BD00-DBEF619604FE}.Release|Mixed Platforms.ActiveCfg = Release|x86
		{B2E595B0-DBA3-46C8-BD00-DBEF619604FE}.Release|Mixed Platforms.Build.0 = Release|x86
		{B2E595B0-DBA3-46C8-BD00-DBEF619604FE}.Release|Win32.ActiveCfg = Release|x86
		{B2E595B0-DBA3-46C8-BD00-DBEF619604FE}.Release|x86.ActiveCfg = Release|x86
		{B2E595B0-DBA3-46C8-BD00-DBEF619604FE}.Release|x86.Build.0 = Release|x86
		{2D05C51C-0AFB-403C-A277-6D3D3F4F481E}.Debug|Any CPU.ActiveCfg = Debug|x86
		{2D05C51C-0AFB-403C-A277-6D3D3F4F481E}.Debug|Mixed Platforms.ActiveCfg = Debug|x86
		{2D05C51C-0AFB-403C-A277-6D3D3F4F481E}.Debug|Mixed Platforms.Build.0 = Debug|x86
		{2D05C51C-0AFB-403C-A277-6D3D3F4F481E}.Debug|Win32.ActiveCfg = Debug|x86
		{2D05C51C-0AFB-403C-A277-6D3D3F4F481E}.Debug|x86.ActiveCfg = Debug|x86
		{2D05C51C-0AFB-403C-A277-6D3D3F4F481E}.Debug|x86.Build.0 = Debug|x86
		{2D05C51C-0AFB-403C-A277-6D3D3F4F481E}.Release|Any CPU.ActiveCfg = Release|x86
		{2D05C51C-0AFB-403C-A277-6D3D3F4F481E}.Release|Mixed Platforms.ActiveCfg = Release|x86
		{2D05C51C-0AFB-403C-A277-6D3D3F4F481E}.Release|Mixed Platforms.Build.0 = Release|x86
		{2D05C51C-0AFB-403C-A277-6D3D3F4F481E}.Release|Win32.ActiveCfg = Release|x86
		{2D05C51C-0AFB-403C-A277-6D3D3F4F481E}.Release|x86.ActiveCfg = Release|x86
		{2D05C51C-0AFB-403C-A277-6D3D3F4F481E}.Release|x86.Build.0 = Release|x86
		{86F0B8FD-6AB6-4597-84A5-A07C593B7EF2}.Debug|Any CPU.ActiveCfg = Debug|x86
		{86F0B8FD-6AB6-4597-84A5-A07C593B7EF2}.Debug|Mixed Platforms.ActiveCfg = Debug|x86
		{86F0B8FD-6AB6-4597-84A5-A07C593B7EF2}.Debug|Mixed Platforms.Build.0 = Debug|x86
		{86F0B8FD-6AB6-4597-84A5-A07C593B7EF2}.Debug|Win32.ActiveCfg = Debug|x86
		{86F0B8FD-6AB6-4597-84A5-A07C593B7EF2}.Debug|x86.ActiveCfg = Debug|x86
		{86F0B8FD-6AB6-4597-84A5-A07C593B7EF2}.Debug|x86.Build.0 = Debug|x86
		{86F0B8FD-6AB6-4597-84A5-A07C593B7EF2}.Release|Any CPU.ActiveCfg = Release|x86
		{86F0B8FD-6AB6-4597-84A5-A07C593B7EF2}.Release|Mixed Platforms.ActiveCfg = Release|x86
		{86F0B8FD-6AB6-4597-84A5-A07C593B7EF2}.Release|Mixed Platforms.Build.0 = Release|x86
		{86F0B8FD-6AB6-4597-84A5-A07C593B7EF2}.Release|Win32.ActiveCfg = Release|x86
		{86F0B8FD-6AB6-4597-84A5-A07C593B7EF2}.Release|x86.ActiveCfg = Release|x86
		{86F0B8FD-6AB6-4597-84A5-A07C593B7EF2}.Release|x86.Build.0 = Release|x86
		{E8F2DFE8-013E-4A45-8B97-28AFA337F9FE}.Debug|Any CPU.ActiveCfg = Debug|x86
		{E8F2DFE8-013E-4A45-8B97-28AFA337F9FE}.Debug|Mixed Platforms.ActiveCfg = Debug|x86
		{E8F2DFE8-013E-4A45-8B97-28AFA337F9FE}.Debug|Mixed Platforms.Build.0 = Debug|x86
		{E8F2DFE8-013E-4A45-8B97-28AFA337F9FE}.Debug|Win32.ActiveCfg = Debug|x86
		{E8F2DFE8-013E-4A45-8B97-28AFA337F9FE}.Debug|x86.ActiveCfg = Debug|x86
		{E8F2DFE8-013E-4A45-8B97-28AFA337F9FE}.Debug|x86.Build.0 = Debug|x86
		{E8F2DFE8-013E-4A45-8B97-28AFA337F9FE}.Release|Any CPU.ActiveCfg = Release|x86
		{E8F2DFE8-013E-4A45-8B97-28AFA337F9FE}.Release|Mixed Platforms.ActiveCfg = Release|x86
		{E8F2DFE8-013E-4A45-8B97-28AFA337F9FE}.Release|Mixed Platforms.Build.0 = Release|x86
		{E8F2DFE8-013E-4A45-8B97-28AFA337F9FE}.Release|Win32.ActiveCfg = Release|x86
		{E8F2DFE8-013E-4A45-8B97-28AFA337F9FE}.Release|x86.ActiveCfg = Release|x86
		{E8F2DFE8-013E-4A45-8B97-28AFA337F9FE}.Release|x86.Build.0 = Release|x86
		{2C080F92-3558-4043-8866-B7A80D91FF03}.Debug|Any CPU.ActiveCfg = Debug|x86
		{2C080F92-3558-4043-8866-B7A80D91FF03}.Debug|Mixed Platforms.ActiveCfg = Debug|x86
		{2C080F92-3558-4043-8866-B7A80D91FF03}.Debug|Mixed Platforms.Build.0 = Debug|x86
		{2C080F92-3558-4043-8866-B7A80D91FF03}.Debug|Win32.ActiveCfg = Debug|x86
		{2C080F92-3558-4043-8866-B7A80D91FF03}.Debug|x86.ActiveCfg = Debug|x86
		{2C080F92-3558-4043-8866-B7A80D91FF03}.Debug|x86.Build.0 = Debug|x86
		{2C080F92-3558-4043-8866-B7A80D91FF03}.Release|Any CPU.ActiveCfg = Release|x86
		{2C080F92-3558-4043-8866-B7A80D91FF03}.Release|Mixed Platforms.ActiveCfg = Release|x86
		{2C080F92-3558-4043-8866-B7A80D91FF03}.Release|Mixed Platforms.Build.0 = Release|x86
		{2C080F92-3558-4043-8866-B7A80D91FF03}.Release|Win32.ActiveCfg = Release|x86
		{2C080F92-3558-4043-8866-B7A80D91FF03}.Release|x86.ActiveCfg = Release|x86
		{2C080F92-3558-4043-8866-B7A80D91FF03}.Release|x86.Build.0 = Release|x86
		{3DEAF231-E69D-4958-99F5-0B6178BAC9D7}.Debug|Any CPU.ActiveCfg = Debug|x86
		{3DEAF231-E69D-4958-99F5-0B6178BAC9D7}.Debug|Mixed Platforms.ActiveCfg = Debug|x86
		{3DEAF231-E69D-4958-99F5-0B6178BAC9D7}.Debug|Mixed Platforms.Build.0 = Debug|x86
		{3DEAF231-E69D-4958-99F5-0B6178BAC9D7}.Debug|Win32.ActiveCfg = Debug|x86
		{3DEAF231-E69D-4958-99F5-0B6178BAC9D7}.Debug|x86.ActiveCfg = Debug|x86
		{3DEAF231-E69D-4958-99F5-0B6178BAC9D7}.Debug|x86.Build.0 = Debug|x86
		{3DEAF231-E69D-4958-99F5-0B6178BAC9D7}.Release|Any CPU.ActiveCfg = Release|x86
		{3DEAF231-E69D-4958-99F5-0B6178BAC9D7}.Release|Mixed Platforms.ActiveCfg = Release|x86
		{3DEAF231-E69D-4958-99F5-0B6178BAC9D7}.Release|Mixed Platforms.Build.0 = Release|x86
		{3DEAF231-E69D-4958-99F5-0B6178BAC9D7}.Release|Win32.ActiveCfg = Release|x86
		{3DEAF231-E69D-4958-99F5-0B6178BAC9D7}.Release|x86.ActiveCfg = Release|x86
		{3DEAF231-E69D-4958-99F5-0B6178BAC9D7}.Release|x86.Build.0 = Release|x86
		{6ADD9471-C85D-4447-8E81-94CA6699CC00}.Debug|Any CPU.ActiveCfg = Debug|x86
		{6ADD9471-C85D-4447-8E81-94CA6699CC00}.Debug|Mixed Platforms.ActiveCfg = Debug|x86
		{6ADD9471-C85D-4447-8E81-94CA6699CC00}.Debug|Mixed Platforms.Build.0 = Debug|x86
		{6ADD9471-C85D-4447-8E81-94CA6699CC00}.Debug|Win32.ActiveCfg = Debug|x86
		{6ADD9471-C85D-4447-8E81-94CA6699CC00}.Debug|x86.ActiveCfg = Debug|x86
		{6ADD9471-C85D-4447-8E81-94CA6699CC00}.Debug|x86.Build.0 = Debug|x86
		{6ADD9471-C85D-4447-8E81-94CA6699CC00}.Release|Any CPU.ActiveCfg = Release|x86
		{6ADD9471-C85D-4447-8E81-94CA6699CC00}.Release|Mixed Platforms.ActiveCfg = Release|x86
		{6ADD9471-C85D-4447-8E81-94CA6699CC00}.Release|Mixed Platforms.Build.0 = Release|x86
		{6ADD9471-C85D-4447-8E81-94CA6699CC00}.Release|Win32.ActiveCfg = Release|x86
		{6ADD9471-C85D-4447-8E81-94CA6699CC00}.Release|x86.ActiveCfg = Release|x86
		{6ADD9471-C85D-4447-8E81-94CA6699CC00}.Release|x86.Build.0 = Release|x86
		{BA39CE86-07BC-461A-BE99-E7EB9D578801}.Debug|Any CPU.ActiveCfg = Debug|x86
		{BA39CE86-07BC-461A-BE99-E7EB9D578801}.Debug|Mixed Platforms.ActiveCfg = Debug|x86
		{BA39CE86-07BC-461A-BE99-E7EB9D578801}.Debug|Mixed Platforms.Build.0 = Debug|x86
		{BA39CE86-07BC-461A-BE99-E7EB9D578801}.Debug|Win32.ActiveCfg = Debug|x86
		{BA39CE86-07BC-461A-BE99-E7EB9D578801}.Debug|x86.ActiveCfg = Debug|x86
		{BA39CE86-07BC-461A-BE99-E7EB9D578801}.Debug|x86.Build.0 = Debug|x86
		{BA39CE86-07BC-461A-BE99-E7EB9D578801}.Release|Any CPU.ActiveCfg = Release|x86
		{BA39CE86-07BC-461A-BE99-E7EB9D578801}.Release|Mixed Platforms.ActiveCfg = Release|x86
		{BA39CE86-07BC-461A-BE99-E7EB9D578801}.Release|Mixed Platforms.Build.0 = Release|x86
		{BA39CE86-07BC-461A-BE99-E7EB9D578801}.Release|Win32.ActiveCfg = Release|x86
		{BA39CE86-07BC-461A-BE99-E7EB9D578801}.Release|x86.ActiveCfg = Release|x86
		{BA39CE86-07BC-461A-BE99-E7EB9D578801}.Release|x86.Build.0 = Release|x86
		{A3A7998D-FC6E-4208-B314-B64F3AA75D54}.Debug|Any CPU.ActiveCfg = Debug|x86
		{A3A7998D-FC6E-4208-B314-B64F3AA75D54}.Debug|Mixed Platforms.ActiveCfg = Debug|x86
		{A3A7998D-FC6E-4208-B314-B64F3AA75D54}.Debug|Mixed Platforms.Build.0 = Debug|x86
		{A3A7998D-FC6E-4208-B314-B64F3AA75D54}.Debug|Win32.ActiveCfg = Debug|x86
		{A3A7998D-FC6E-4208-B314-B64F3AA75D54}.Debug|x86.ActiveCfg = Debug|x86
		{A3A7998D-FC6E-4208-B314-B64F3AA75D54}.Debug|x86.Build.0 = Debug|x86
		{A3A7998D-FC6E-4208-B314-B64F3AA75D54}.Release|Any CPU.ActiveCfg = Release|x86
		{A3A7998D-FC6E-4208-B314-B64F3AA75D54}.Release|Mixed Platforms.ActiveCfg = Release|x86
		{A3A7998D-FC6E-4208-B314-B64F3AA75D54}.Release|Mixed Platforms.Build.0 = Release|x86
		{A3A7998D-FC6E-4208-B314-B64F3AA75D54}.Release|Win32.ActiveCfg = Release|x86
		{A3A7998D-FC6E-4208-B314-B64F3AA75D54}.Release|x86.ActiveCfg = Release|x86
		{A3A7998D-FC6E-4208-B314-B64F3AA75D54}.Release|x86.Build.0 = Release|x86
		{DEEC0B05-2650-408B-842D-E635C8BB8B61}.Debug|Any CPU.ActiveCfg = Debug|Any CPU
		{DEEC0B05-2650-408B-842D-E635C8BB8B61}.Debug|Any CPU.Build.0 = Debug|Any CPU
		{DEEC0B05-2650-408B-842D-E635C8BB8B61}.Debug|Mixed Platforms.ActiveCfg = Debug|Any CPU
		{DEEC0B05-2650-408B-842D-E635C8BB8B61}.Debug|Mixed Platforms.Build.0 = Debug|Any CPU
		{DEEC0B05-2650-408B-842D-E635C8BB8B61}.Debug|Win32.ActiveCfg = Debug|Any CPU
		{DEEC0B05-2650-408B-842D-E635C8BB8B61}.Debug|x86.ActiveCfg = Debug|x86
		{DEEC0B05-2650-408B-842D-E635C8BB8B61}.Debug|x86.Build.0 = Debug|x86
		{DEEC0B05-2650-408B-842D-E635C8BB8B61}.Release|Any CPU.ActiveCfg = Release|Any CPU
		{DEEC0B05-2650-408B-842D-E635C8BB8B61}.Release|Any CPU.Build.0 = Release|Any CPU
		{DEEC0B05-2650-408B-842D-E635C8BB8B61}.Release|Mixed Platforms.ActiveCfg = Release|Any CPU
		{DEEC0B05-2650-408B-842D-E635C8BB8B61}.Release|Mixed Platforms.Build.0 = Release|Any CPU
		{DEEC0B05-2650-408B-842D-E635C8BB8B61}.Release|Win32.ActiveCfg = Release|Any CPU
		{DEEC0B05-2650-408B-842D-E635C8BB8B61}.Release|x86.ActiveCfg = Release|Any CPU
		{F555CB91-656D-4D49-A3B2-5C55C45FA05C}.Debug|Any CPU.ActiveCfg = Debug|Any CPU
		{F555CB91-656D-4D49-A3B2-5C55C45FA05C}.Debug|Any CPU.Build.0 = Debug|Any CPU
		{F555CB91-656D-4D49-A3B2-5C55C45FA05C}.Debug|Mixed Platforms.ActiveCfg = Debug|Any CPU
		{F555CB91-656D-4D49-A3B2-5C55C45FA05C}.Debug|Mixed Platforms.Build.0 = Debug|Any CPU
		{F555CB91-656D-4D49-A3B2-5C55C45FA05C}.Debug|Win32.ActiveCfg = Debug|Any CPU
		{F555CB91-656D-4D49-A3B2-5C55C45FA05C}.Debug|x86.ActiveCfg = Debug|x86
		{F555CB91-656D-4D49-A3B2-5C55C45FA05C}.Debug|x86.Build.0 = Debug|x86
		{F555CB91-656D-4D49-A3B2-5C55C45FA05C}.Release|Any CPU.ActiveCfg = Release|Any CPU
		{F555CB91-656D-4D49-A3B2-5C55C45FA05C}.Release|Any CPU.Build.0 = Release|Any CPU
		{F555CB91-656D-4D49-A3B2-5C55C45FA05C}.Release|Mixed Platforms.ActiveCfg = Release|Any CPU
		{F555CB91-656D-4D49-A3B2-5C55C45FA05C}.Release|Mixed Platforms.Build.0 = Release|Any CPU
		{F555CB91-656D-4D49-A3B2-5C55C45FA05C}.Release|Win32.ActiveCfg = Release|Any CPU
		{F555CB91-656D-4D49-A3B2-5C55C45FA05C}.Release|x86.ActiveCfg = Release|Any CPU
		{F91E8282-F348-4212-971D-46E163ACB2CF}.Debug|Any CPU.ActiveCfg = Debug|Any CPU
		{F91E8282-F348-4212-971D-46E163ACB2CF}.Debug|Any CPU.Build.0 = Debug|Any CPU
		{F91E8282-F348-4212-971D-46E163ACB2CF}.Debug|Mixed Platforms.ActiveCfg = Debug|Any CPU
		{F91E8282-F348-4212-971D-46E163ACB2CF}.Debug|Mixed Platforms.Build.0 = Debug|Any CPU
		{F91E8282-F348-4212-971D-46E163ACB2CF}.Debug|Win32.ActiveCfg = Debug|Any CPU
		{F91E8282-F348-4212-971D-46E163ACB2CF}.Debug|x86.ActiveCfg = Debug|x86
		{F91E8282-F348-4212-971D-46E163ACB2CF}.Debug|x86.Build.0 = Debug|x86
		{F91E8282-F348-4212-971D-46E163ACB2CF}.Release|Any CPU.ActiveCfg = Release|Any CPU
		{F91E8282-F348-4212-971D-46E163ACB2CF}.Release|Any CPU.Build.0 = Release|Any CPU
		{F91E8282-F348-4212-971D-46E163ACB2CF}.Release|Mixed Platforms.ActiveCfg = Release|Any CPU
		{F91E8282-F348-4212-971D-46E163ACB2CF}.Release|Mixed Platforms.Build.0 = Release|Any CPU
		{F91E8282-F348-4212-971D-46E163ACB2CF}.Release|Win32.ActiveCfg = Release|Any CPU
		{F91E8282-F348-4212-971D-46E163ACB2CF}.Release|x86.ActiveCfg = Release|Any CPU
		{B276E83B-5693-4107-A65D-8511E19C96C4}.Debug|Any CPU.ActiveCfg = Debug|x86
		{B276E83B-5693-4107-A65D-8511E19C96C4}.Debug|Mixed Platforms.ActiveCfg = Debug|x86
		{B276E83B-5693-4107-A65D-8511E19C96C4}.Debug|Mixed Platforms.Build.0 = Debug|x86
		{B276E83B-5693-4107-A65D-8511E19C96C4}.Debug|Win32.ActiveCfg = Debug|x86
		{B276E83B-5693-4107-A65D-8511E19C96C4}.Debug|x86.ActiveCfg = Debug|x86
		{B276E83B-5693-4107-A65D-8511E19C96C4}.Debug|x86.Build.0 = Debug|x86
		{B276E83B-5693-4107-A65D-8511E19C96C4}.Release|Any CPU.ActiveCfg = Release|x86
		{B276E83B-5693-4107-A65D-8511E19C96C4}.Release|Mixed Platforms.ActiveCfg = Release|x86
		{B276E83B-5693-4107-A65D-8511E19C96C4}.Release|Mixed Platforms.Build.0 = Release|x86
		{B276E83B-5693-4107-A65D-8511E19C96C4}.Release|Win32.ActiveCfg = Release|x86
		{B276E83B-5693-4107-A65D-8511E19C96C4}.Release|x86.ActiveCfg = Release|x86
		{B276E83B-5693-4107-A65D-8511E19C96C4}.Release|x86.Build.0 = Release|x86
		{337BC103-EF30-439A-805C-8058C3B2C86E}.Debug|Any CPU.ActiveCfg = Debug|x86
		{337BC103-EF30-439A-805C-8058C3B2C86E}.Debug|Mixed Platforms.ActiveCfg = Debug|x86
		{337BC103-EF30-439A-805C-8058C3B2C86E}.Debug|Mixed Platforms.Build.0 = Debug|x86
		{337BC103-EF30-439A-805C-8058C3B2C86E}.Debug|Win32.ActiveCfg = Debug|x86
		{337BC103-EF30-439A-805C-8058C3B2C86E}.Debug|x86.ActiveCfg = Debug|x86
		{337BC103-EF30-439A-805C-8058C3B2C86E}.Debug|x86.Build.0 = Debug|x86
		{337BC103-EF30-439A-805C-8058C3B2C86E}.Release|Any CPU.ActiveCfg = Release|x86
		{337BC103-EF30-439A-805C-8058C3B2C86E}.Release|Mixed Platforms.ActiveCfg = Release|x86
		{337BC103-EF30-439A-805C-8058C3B2C86E}.Release|Mixed Platforms.Build.0 = Release|x86
		{337BC103-EF30-439A-805C-8058C3B2C86E}.Release|Win32.ActiveCfg = Release|x86
		{337BC103-EF30-439A-805C-8058C3B2C86E}.Release|x86.ActiveCfg = Release|x86
		{337BC103-EF30-439A-805C-8058C3B2C86E}.Release|x86.Build.0 = Release|x86
		{04E94514-2E4B-4D1F-9965-24A37A411311}.Debug|Any CPU.ActiveCfg = Debug|x86
		{04E94514-2E4B-4D1F-9965-24A37A411311}.Debug|Mixed Platforms.ActiveCfg = Debug|x86
		{04E94514-2E4B-4D1F-9965-24A37A411311}.Debug|Mixed Platforms.Build.0 = Debug|x86
		{04E94514-2E4B-4D1F-9965-24A37A411311}.Debug|Win32.ActiveCfg = Debug|x86
		{04E94514-2E4B-4D1F-9965-24A37A411311}.Debug|x86.ActiveCfg = Debug|x86
		{04E94514-2E4B-4D1F-9965-24A37A411311}.Debug|x86.Build.0 = Debug|x86
		{04E94514-2E4B-4D1F-9965-24A37A411311}.Release|Any CPU.ActiveCfg = Release|x86
		{04E94514-2E4B-4D1F-9965-24A37A411311}.Release|Mixed Platforms.ActiveCfg = Release|x86
		{04E94514-2E4B-4D1F-9965-24A37A411311}.Release|Mixed Platforms.Build.0 = Release|x86
		{04E94514-2E4B-4D1F-9965-24A37A411311}.Release|Win32.ActiveCfg = Release|x86
		{04E94514-2E4B-4D1F-9965-24A37A411311}.Release|x86.ActiveCfg = Release|x86
		{04E94514-2E4B-4D1F-9965-24A37A411311}.Release|x86.Build.0 = Release|x86
	EndGlobalSection
	GlobalSection(SolutionProperties) = preSolution
		HideSolutionNode = FALSE
	EndGlobalSection
EndGlobal
